
Microsoft Visual Studio Solution File, Format Version 12.00
# Visual Studio 15
VisualStudioVersion = 15.0.28010.2048
MinimumVisualStudioVersion = 10.0.40219.1
Project("{FAE04EC0-301F-11D3-BF4B-00C04F79EFBC}") = "CLS", "CLS\CLS.csproj", "{8277531B-609B-4E9F-B23F-2720331F91F2}"
EndProject
Project("{FAE04EC0-301F-11D3-BF4B-00C04F79EFBC}") = "DBM", "DBM\DBM.csproj", "{D9FA8D4D-4895-4543-87B9-427B76852234}"
EndProject
Project("{FAE04EC0-301F-11D3-BF4B-00C04F79EFBC}") = "Client", "Client\Client.csproj", "{501B163C-0F07-40FC-B0B0-7660A09930A3}"
EndProject
Project("{FAE04EC0-301F-11D3-BF4B-00C04F79EFBC}") = "Common", "Common\Common.csproj", "{2C29F0C9-7C94-4B18-900D-A25B3917957C}"
EndProject
Project("{FAE04EC0-301F-11D3-BF4B-00C04F79EFBC}") = "Manager", "Manager\Manager.csproj", "{3008197D-B32D-4D0E-B092-0856BE412414}"
EndProject
Global
	GlobalSection(SolutionConfigurationPlatforms) = preSolution
		Debug|Any CPU = Debug|Any CPU
		Release|Any CPU = Release|Any CPU
	EndGlobalSection
	GlobalSection(ProjectConfigurationPlatforms) = postSolution
		{8277531B-609B-4E9F-B23F-2720331F91F2}.Debug|Any CPU.ActiveCfg = Debug|Any CPU
		{8277531B-609B-4E9F-B23F-2720331F91F2}.Debug|Any CPU.Build.0 = Debug|Any CPU
		{8277531B-609B-4E9F-B23F-2720331F91F2}.Release|Any CPU.ActiveCfg = Release|Any CPU
		{8277531B-609B-4E9F-B23F-2720331F91F2}.Release|Any CPU.Build.0 = Release|Any CPU
		{D9FA8D4D-4895-4543-87B9-427B76852234}.Debug|Any CPU.ActiveCfg = Debug|Any CPU
		{D9FA8D4D-4895-4543-87B9-427B76852234}.Debug|Any CPU.Build.0 = Debug|Any CPU
		{D9FA8D4D-4895-4543-87B9-427B76852234}.Release|Any CPU.ActiveCfg = Release|Any CPU
		{D9FA8D4D-4895-4543-87B9-427B76852234}.Release|Any CPU.Build.0 = Release|Any CPU
		{501B163C-0F07-40FC-B0B0-7660A09930A3}.Debug|Any CPU.ActiveCfg = Debug|Any CPU
		{501B163C-0F07-40FC-B0B0-7660A09930A3}.Debug|Any CPU.Build.0 = Debug|Any CPU
		{501B163C-0F07-40FC-B0B0-7660A09930A3}.Release|Any CPU.ActiveCfg = Release|Any CPU
		{501B163C-0F07-40FC-B0B0-7660A09930A3}.Release|Any CPU.Build.0 = Release|Any CPU
		{2C29F0C9-7C94-4B18-900D-A25B3917957C}.Debug|Any CPU.ActiveCfg = Debug|Any CPU
		{2C29F0C9-7C94-4B18-900D-A25B3917957C}.Debug|Any CPU.Build.0 = Debug|Any CPU
		{2C29F0C9-7C94-4B18-900D-A25B3917957C}.Release|Any CPU.ActiveCfg = Release|Any CPU
		{2C29F0C9-7C94-4B18-900D-A25B3917957C}.Release|Any CPU.Build.0 = Release|Any CPU
		{3008197D-B32D-4D0E-B092-0856BE412414}.Debug|Any CPU.ActiveCfg = Debug|Any CPU
		{3008197D-B32D-4D0E-B092-0856BE412414}.Debug|Any CPU.Build.0 = Debug|Any CPU
		{3008197D-B32D-4D0E-B092-0856BE412414}.Release|Any CPU.ActiveCfg = Release|Any CPU
		{3008197D-B32D-4D0E-B092-0856BE412414}.Release|Any CPU.Build.0 = Release|Any CPU
	EndGlobalSection
	GlobalSection(SolutionProperties) = preSolution
		HideSolutionNode = FALSE
	EndGlobalSection
	GlobalSection(ExtensibilityGlobals) = postSolution
		SolutionGuid = {87E5D084-F327-4FDA-85B2-D75A0B0FCAF5}
	EndGlobalSection
EndGlobal
